
Microsoft Visual Studio Solution File, Format Version 12.00
# Visual Studio Version 16
VisualStudioVersion = 16.0.30804.86
MinimumVisualStudioVersion = 10.0.40219.1
Project("{FAE04EC0-301F-11D3-BF4B-00C04F79EFBC}") = "Timesheet.Api", "Timesheet.Api\Timesheet.Api.csproj", "{964A686C-55DE-4EEF-B17B-391A3787870C}"
EndProject
Project("{FAE04EC0-301F-11D3-BF4B-00C04F79EFBC}") = "Timesheet.Tests", "Timesheet.Tests\Timesheet.Tests.csproj", "{EC296E14-2F1A-4E17-B19D-5317172594B5}"
EndProject
Global
	GlobalSection(SolutionConfigurationPlatforms) = preSolution
		Debug|Any CPU = Debug|Any CPU
		Release|Any CPU = Release|Any CPU
	EndGlobalSection
	GlobalSection(ProjectConfigurationPlatforms) = postSolution
		{964A686C-55DE-4EEF-B17B-391A3787870C}.Debug|Any CPU.ActiveCfg = Debug|Any CPU
		{964A686C-55DE-4EEF-B17B-391A3787870C}.Debug|Any CPU.Build.0 = Debug|Any CPU
		{964A686C-55DE-4EEF-B17B-391A3787870C}.Release|Any CPU.ActiveCfg = Release|Any CPU
		{964A686C-55DE-4EEF-B17B-391A3787870C}.Release|Any CPU.Build.0 = Release|Any CPU
		{EC296E14-2F1A-4E17-B19D-5317172594B5}.Debug|Any CPU.ActiveCfg = Debug|Any CPU
		{EC296E14-2F1A-4E17-B19D-5317172594B5}.Debug|Any CPU.Build.0 = Debug|Any CPU
		{EC296E14-2F1A-4E17-B19D-5317172594B5}.Release|Any CPU.ActiveCfg = Release|Any CPU
		{EC296E14-2F1A-4E17-B19D-5317172594B5}.Release|Any CPU.Build.0 = Release|Any CPU
	EndGlobalSection
	GlobalSection(SolutionProperties) = preSolution
		HideSolutionNode = FALSE
	EndGlobalSection
	GlobalSection(ExtensibilityGlobals) = postSolution
		SolutionGuid = {854476DB-4C2F-465E-A5F0-67418A0141F2}
	EndGlobalSection
EndGlobal
