
Microsoft Visual Studio Solution File, Format Version 12.00
# Visual Studio Version 16
VisualStudioVersion = 16.0.30804.86
MinimumVisualStudioVersion = 10.0.40219.1
Project("{9A19103F-16F7-4668-BE54-9A1E7A4F7556}") = "Timesheet.Api", "Timesheet.Api\Timesheet.Api.csproj", "{964A686C-55DE-4EEF-B17B-391A3787870C}"
EndProject
Project("{9A19103F-16F7-4668-BE54-9A1E7A4F7556}") = "Timesheet.Domain", "Timesheet.Domain\Timesheet.Domain.csproj", "{7A644D8D-F6EB-4361-A631-7BFA11292BBB}"
EndProject
Project("{9A19103F-16F7-4668-BE54-9A1E7A4F7556}") = "Timesheet.Application", "Timesheet.Application\Timesheet.Application.csproj", "{B0F72290-AB2A-444F-B278-F67F4FFC5E07}"
EndProject
Project("{9A19103F-16F7-4668-BE54-9A1E7A4F7556}") = "Timesheet.DataAccess.csv", "Timesheet.DataAccess.csv\Timesheet.DataAccess.csv.csproj", "{FEF9661A-491A-490A-9E91-91AFA86C01DB}"
EndProject
Global
	GlobalSection(SolutionConfigurationPlatforms) = preSolution
		Debug|Any CPU = Debug|Any CPU
		Release|Any CPU = Release|Any CPU
	EndGlobalSection
	GlobalSection(ProjectConfigurationPlatforms) = postSolution
		{964A686C-55DE-4EEF-B17B-391A3787870C}.Debug|Any CPU.ActiveCfg = Debug|Any CPU
		{964A686C-55DE-4EEF-B17B-391A3787870C}.Debug|Any CPU.Build.0 = Debug|Any CPU
		{964A686C-55DE-4EEF-B17B-391A3787870C}.Release|Any CPU.ActiveCfg = Release|Any CPU
		{964A686C-55DE-4EEF-B17B-391A3787870C}.Release|Any CPU.Build.0 = Release|Any CPU
		{7A644D8D-F6EB-4361-A631-7BFA11292BBB}.Debug|Any CPU.ActiveCfg = Debug|Any CPU
		{7A644D8D-F6EB-4361-A631-7BFA11292BBB}.Debug|Any CPU.Build.0 = Debug|Any CPU
		{7A644D8D-F6EB-4361-A631-7BFA11292BBB}.Release|Any CPU.ActiveCfg = Release|Any CPU
		{7A644D8D-F6EB-4361-A631-7BFA11292BBB}.Release|Any CPU.Build.0 = Release|Any CPU
		{B0F72290-AB2A-444F-B278-F67F4FFC5E07}.Debug|Any CPU.ActiveCfg = Debug|Any CPU
		{B0F72290-AB2A-444F-B278-F67F4FFC5E07}.Debug|Any CPU.Build.0 = Debug|Any CPU
		{B0F72290-AB2A-444F-B278-F67F4FFC5E07}.Release|Any CPU.ActiveCfg = Release|Any CPU
		{B0F72290-AB2A-444F-B278-F67F4FFC5E07}.Release|Any CPU.Build.0 = Release|Any CPU
		{FEF9661A-491A-490A-9E91-91AFA86C01DB}.Debug|Any CPU.ActiveCfg = Debug|Any CPU
		{FEF9661A-491A-490A-9E91-91AFA86C01DB}.Debug|Any CPU.Build.0 = Debug|Any CPU
		{FEF9661A-491A-490A-9E91-91AFA86C01DB}.Release|Any CPU.ActiveCfg = Release|Any CPU
		{FEF9661A-491A-490A-9E91-91AFA86C01DB}.Release|Any CPU.Build.0 = Release|Any CPU
	EndGlobalSection
	GlobalSection(SolutionProperties) = preSolution
		HideSolutionNode = FALSE
	EndGlobalSection
	GlobalSection(ExtensibilityGlobals) = postSolution
		SolutionGuid = {854476DB-4C2F-465E-A5F0-67418A0141F2}
	EndGlobalSection
EndGlobal
